
Microsoft Visual Studio Solution File, Format Version 12.00
# Visual Studio Version 17
VisualStudioVersion = 17.4.33213.308
MinimumVisualStudioVersion = 10.0.40219.1
Project("{9A19103F-16F7-4668-BE54-9A1E7A4F7556}") = "UserAPI", "UserAPI.csproj", "{22DA1235-A61A-4F3A-9658-305744495ADA}"
EndProject
Project("{9A19103F-16F7-4668-BE54-9A1E7A4F7556}") = "HotelAPI", "..\HotelAPI\HotelAPI.csproj", "{983094C5-3B06-4B46-A41F-04867F2089C3}"
EndProject
Project("{9A19103F-16F7-4668-BE54-9A1E7A4F7556}") = "RoomAPI", "..\RoomAPI\RoomAPI.csproj", "{8B9AF58A-B80F-45B5-9F89-E41BB79646C6}"
EndProject
Project("{FAE04EC0-301F-11D3-BF4B-00C04F79EFBC}") = "BookingAPI", "..\BookingAPI\BookingAPI.csproj", "{622A74A5-B7B3-4A59-9034-C38775BCE477}"
EndProject
Global
	GlobalSection(SolutionConfigurationPlatforms) = preSolution
		Debug|Any CPU = Debug|Any CPU
		Release|Any CPU = Release|Any CPU
	EndGlobalSection
	GlobalSection(ProjectConfigurationPlatforms) = postSolution
		{22DA1235-A61A-4F3A-9658-305744495ADA}.Debug|Any CPU.ActiveCfg = Debug|Any CPU
		{22DA1235-A61A-4F3A-9658-305744495ADA}.Debug|Any CPU.Build.0 = Debug|Any CPU
		{22DA1235-A61A-4F3A-9658-305744495ADA}.Release|Any CPU.ActiveCfg = Release|Any CPU
		{22DA1235-A61A-4F3A-9658-305744495ADA}.Release|Any CPU.Build.0 = Release|Any CPU
		{983094C5-3B06-4B46-A41F-04867F2089C3}.Debug|Any CPU.ActiveCfg = Debug|Any CPU
		{983094C5-3B06-4B46-A41F-04867F2089C3}.Debug|Any CPU.Build.0 = Debug|Any CPU
		{983094C5-3B06-4B46-A41F-04867F2089C3}.Release|Any CPU.ActiveCfg = Release|Any CPU
		{983094C5-3B06-4B46-A41F-04867F2089C3}.Release|Any CPU.Build.0 = Release|Any CPU
		{8B9AF58A-B80F-45B5-9F89-E41BB79646C6}.Debug|Any CPU.ActiveCfg = Debug|Any CPU
		{8B9AF58A-B80F-45B5-9F89-E41BB79646C6}.Debug|Any CPU.Build.0 = Debug|Any CPU
		{8B9AF58A-B80F-45B5-9F89-E41BB79646C6}.Release|Any CPU.ActiveCfg = Release|Any CPU
		{8B9AF58A-B80F-45B5-9F89-E41BB79646C6}.Release|Any CPU.Build.0 = Release|Any CPU
		{622A74A5-B7B3-4A59-9034-C38775BCE477}.Debug|Any CPU.ActiveCfg = Debug|Any CPU
		{622A74A5-B7B3-4A59-9034-C38775BCE477}.Debug|Any CPU.Build.0 = Debug|Any CPU
		{622A74A5-B7B3-4A59-9034-C38775BCE477}.Release|Any CPU.ActiveCfg = Release|Any CPU
		{622A74A5-B7B3-4A59-9034-C38775BCE477}.Release|Any CPU.Build.0 = Release|Any CPU
	EndGlobalSection
	GlobalSection(SolutionProperties) = preSolution
		HideSolutionNode = FALSE
	EndGlobalSection
	GlobalSection(ExtensibilityGlobals) = postSolution
		SolutionGuid = {9EDF5F4C-8518-434F-A393-F19753F34E2E}
	EndGlobalSection
EndGlobal
